
Microsoft Visual Studio Solution File, Format Version 12.00
# Visual Studio Version 16
VisualStudioVersion = 25.0.1704.3
MinimumVisualStudioVersion = 10.0.40219.1
Project("{FAE04EC0-301F-11D3-BF4B-00C04F79EFBC}") = "PhotoShoot", "PhotoShoot.csproj", "{DE2B21B4-6100-4FC7-9B8A-F627B895FFB3}"
EndProject
Global
	GlobalSection(SolutionConfigurationPlatforms) = preSolution
		Debug|Any CPU = Debug|Any CPU
		Release|Any CPU = Release|Any CPU
	EndGlobalSection
	GlobalSection(ProjectConfigurationPlatforms) = postSolution
		{DE2B21B4-6100-4FC7-9B8A-F627B895FFB3}.Debug|Any CPU.ActiveCfg = Debug|Any CPU
		{DE2B21B4-6100-4FC7-9B8A-F627B895FFB3}.Debug|Any CPU.Build.0 = Debug|Any CPU
		{DE2B21B4-6100-4FC7-9B8A-F627B895FFB3}.Release|Any CPU.ActiveCfg = Release|Any CPU
		{DE2B21B4-6100-4FC7-9B8A-F627B895FFB3}.Release|Any CPU.Build.0 = Release|Any CPU
	EndGlobalSection
	GlobalSection(SolutionProperties) = preSolution
		HideSolutionNode = FALSE
	EndGlobalSection
	GlobalSection(ExtensibilityGlobals) = postSolution
		SolutionGuid = {C31EE80F-68B0-4EAB-952C-13C4A800F224}
	EndGlobalSection
EndGlobal
